[[package]]
category = "dev"
description = "An abstract syntax tree for Python with inference support."
name = "astroid"
optional = false
python-versions = ">=3.4.*"
version = "2.2.5"

[package.dependencies]
lazy-object-proxy = "*"
six = "*"
typed-ast = ">=1.3.0"
wrapt = "*"

[[package]]
category = "dev"
description = "Atomic file writes."
name = "atomicwrites"
optional = false
python-versions = ">=2.7, !=3.0.*, !=3.1.*, !=3.2.*, !=3.3.*"
version = "1.3.0"

[[package]]
category = "dev"
description = "Classes Without Boilerplate"
name = "attrs"
optional = false
python-versions = ">=2.7, !=3.0.*, !=3.1.*, !=3.2.*, !=3.3.*"
version = "19.1.0"

[[package]]
category = "main"
description = "Python package for providing Mozilla's CA Bundle."
name = "certifi"
optional = false
python-versions = "*"
version = "2019.3.9"

[[package]]
category = "main"
description = "Universal encoding detector for Python 2 and 3"
name = "chardet"
optional = false
python-versions = "*"
version = "3.0.4"

[[package]]
category = "main"
description = "Composable command line interface toolkit"
name = "click"
optional = false
python-versions = ">=2.7, !=3.0.*, !=3.1.*, !=3.2.*, !=3.3.*"
version = "7.0"

[[package]]
category = "dev"
description = "Cross-platform colored terminal text."
marker = "sys_platform == \"win32\""
name = "colorama"
optional = false
python-versions = ">=2.7, !=3.0.*, !=3.1.*, !=3.2.*, !=3.3.*"
version = "0.4.1"

[[package]]
category = "main"
description = "A simple framework for building complex web applications."
name = "flask"
optional = false
python-versions = "*"
version = "1.0.2"

[package.dependencies]
Jinja2 = ">=2.10"
Werkzeug = ">=0.14"
click = ">=5.1"
itsdangerous = ">=0.24"

[[package]]
category = "main"
description = "Internationalized Domain Names in Applications (IDNA)"
name = "idna"
optional = false
python-versions = ">=2.7, !=3.0.*, !=3.1.*, !=3.2.*, !=3.3.*"
version = "2.8"

[[package]]
category = "dev"
description = "A Python utility / library to sort Python imports."
name = "isort"
optional = false
python-versions = ">=2.7, !=3.0.*, !=3.1.*, !=3.2.*, !=3.3.*"
version = "4.3.16"

[[package]]
category = "main"
description = "Various helpers to pass data to untrusted environments and back."
name = "itsdangerous"
optional = false
python-versions = ">=2.7, !=3.0.*, !=3.1.*, !=3.2.*, !=3.3.*"
version = "1.1.0"

[[package]]
category = "main"
description = "A small but fast and easy to use stand-alone template engine written in pure python."
name = "jinja2"
optional = false
python-versions = "*"
version = "2.10"

[package.dependencies]
MarkupSafe = ">=0.23"

[[package]]
category = "dev"
description = "A fast and thorough lazy object proxy."
name = "lazy-object-proxy"
optional = false
python-versions = "*"
version = "1.3.1"

[[package]]
category = "main"
description = "Powerful and Pythonic XML processing library combining libxml2/libxslt with the ElementTree API."
name = "lxml"
optional = false
python-versions = "*"
version = "4.3.2"

[[package]]
category = "main"
description = "Safely add untrusted strings to HTML/XML markup."
name = "markupsafe"
optional = false
python-versions = ">=2.7,!=3.0.*,!=3.1.*,!=3.2.*,!=3.3.*"
version = "1.1.1"

[[package]]
category = "dev"
description = "McCabe checker, plugin for flake8"
name = "mccabe"
optional = false
python-versions = "*"
version = "0.6.1"

[[package]]
category = "dev"
description = "More routines for operating on iterables, beyond itertools"
marker = "python_version > \"2.7\""
name = "more-itertools"
optional = false
python-versions = ">=3.4"
version = "6.0.0"

[[package]]
category = "main"
description = "Python Imaging Library (Fork)"
name = "pillow"
optional = false
python-versions = ">=2.7, !=3.0.*, !=3.1.*, !=3.2.*, !=3.3.*"
version = "5.4.1"

[[package]]
category = "dev"
description = "plugin and hook calling mechanisms for python"
name = "pluggy"
optional = false
python-versions = ">=2.7, !=3.0.*, !=3.1.*, !=3.2.*, !=3.3.*"
version = "0.9.0"

[[package]]
category = "dev"
description = "library with cross-python path, ini-parsing, io, code, log facilities"
name = "py"
optional = false
python-versions = ">=2.7, !=3.0.*, !=3.1.*, !=3.2.*, !=3.3.*"
version = "1.8.0"

[[package]]
category = "dev"
description = "python code static checker"
name = "pylint"
optional = false
python-versions = ">=3.4.*"
version = "2.3.1"

[package.dependencies]
astroid = ">=2.2.0,<3"
colorama = "*"
isort = ">=4.2.5,<5"
mccabe = ">=0.6,<0.7"

[[package]]
category = "dev"
description = "pytest: simple powerful testing with Python"
name = "pytest"
optional = false
python-versions = ">=2.7, !=3.0.*, !=3.1.*, !=3.2.*, !=3.3.*"
version = "4.3.1"

[package.dependencies]
atomicwrites = ">=1.0"
attrs = ">=17.4.0"
colorama = "*"
pluggy = ">=0.7"
py = ">=1.5.0"
setuptools = "*"
six = ">=1.10.0"

[package.dependencies.more-itertools]
python = ">2.7"
version = ">=4.0.0"

[[package]]
category = "main"
description = "Python client for Redis key-value store"
name = "redis"
optional = false
python-versions = ">=2.7, !=3.0.*, !=3.1.*, !=3.2.*, !=3.3.*"
version = "3.2.1"

[[package]]
category = "main"
description = "Python HTTP for Humans."
name = "requests"
optional = false
python-versions = ">=2.7, !=3.0.*, !=3.1.*, !=3.2.*, !=3.3.*"
version = "2.21.0"

[package.dependencies]
certifi = ">=2017.4.17"
chardet = ">=3.0.2,<3.1.0"
idna = ">=2.5,<2.9"
urllib3 = ">=1.21.1,<1.25"

[[package]]
category = "dev"
description = "Python 2 and 3 compatibility utilities"
name = "six"
optional = false
python-versions = ">=2.6, !=3.0.*, !=3.1.*"
version = "1.12.0"

[[package]]
category = "dev"
description = "a fork of Python 2 and 3 ast modules with type comment support"
marker = "implementation_name == \"cpython\""
name = "typed-ast"
optional = false
python-versions = "*"
version = "1.3.1"

[[package]]
category = "main"
description = "HTTP library with thread-safe connection pooling, file post, and more."
name = "urllib3"
optional = false
python-versions = ">=2.7, !=3.0.*, !=3.1.*, !=3.2.*, !=3.3.*, <4"
version = "1.24.1"

[[package]]
category = "main"
description = "The comprehensive WSGI web application library."
name = "werkzeug"
optional = false
python-versions = ">=2.7, !=3.0.*, !=3.1.*, !=3.2.*, !=3.3.*"
version = "0.15.1"

[[package]]
category = "dev"
description = "Module for decorators, wrappers and monkey patching."
name = "wrapt"
optional = false
python-versions = "*"
version = "1.11.1"

[metadata]
content-hash = "44f86e1974dc2c3d4004be288ed07724af630415f256ed5b594c9f1c43ccb05d"
python-versions = "^3.6"

[metadata.hashes]
astroid = ["6560e1e1749f68c64a4b5dee4e091fce798d2f0d84ebe638cf0e0585a343acf4", "b65db1bbaac9f9f4d190199bb8680af6f6f84fd3769a5ea883df8a91fe68b4c4"]
atomicwrites = ["03472c30eb2c5d1ba9227e4c2ca66ab8287fbfbbda3888aa93dc2e28fc6811b4", "75a9445bac02d8d058d5e1fe689654ba5a6556a1dfd8ce6ec55a0ed79866cfa6"]
attrs = ["69c0dbf2ed392de1cb5ec704444b08a5ef81680a61cb899dc08127123af36a79", "f0b870f674851ecbfbbbd364d6b5cbdff9dcedbc7f3f5e18a6891057f21fe399"]
certifi = ["59b7658e26ca9c7339e00f8f4636cdfe59d34fa37b9b04f6f9e9926b3cece1a5", "b26104d6835d1f5e49452a26eb2ff87fe7090b89dfcaee5ea2212697e1e1d7ae"]
chardet = ["84ab92ed1c4d4f16916e05906b6b75a6c0fb5db821cc65e70cbd64a3e2a5eaae", "fc323ffcaeaed0e0a02bf4d117757b98aed530d9ed4531e3e15460124c106691"]
click = ["2335065e6395b9e67ca716de5f7526736bfa6ceead690adf616d925bdc622b13", "5b94b49521f6456670fdb30cd82a4eca9412788a93fa6dd6df72c94d5a8ff2d7"]
colorama = ["05eed71e2e327246ad6b38c540c4a3117230b19679b875190486ddd2d721422d", "f8ac84de7840f5b9c4e3347b3c1eaa50f7e49c2b07596221daec5edaabbd7c48"]
flask = ["2271c0070dbcb5275fad4a82e29f23ab92682dc45f9dfbc22c02ba9b9322ce48", "a080b744b7e345ccfcbc77954861cb05b3c63786e93f2b3875e0913d44b43f05"]
idna = ["c357b3f628cf53ae2c4c05627ecc484553142ca23264e593d327bcde5e9c3407", "ea8b7f6188e6fa117537c3df7da9fc686d485087abf6ac197f9c46432f7e4a3c"]
isort = ["08f8e3f0f0b7249e9fad7e5c41e2113aba44969798a26452ee790c06f155d4ec", "4e9e9c4bd1acd66cf6c36973f29b031ec752cbfd991c69695e4e259f9a756927"]
itsdangerous = ["321b033d07f2a4136d3ec762eac9f16a10ccd60f53c0c91af90217ace7ba1f19", "b12271b2047cb23eeb98c8b5622e2e5c5e9abd9784a153e9d8ef9cb4dd09d749"]
jinja2 = ["74c935a1b8bb9a3947c50a54766a969d4846290e1e788ea44c1392163723c3bd", "f84be1bb0040caca4cea721fcbbbbd61f9be9464ca236387158b0feea01914a4"]
lazy-object-proxy = ["0ce34342b419bd8f018e6666bfef729aec3edf62345a53b537a4dcc115746a33", "1b668120716eb7ee21d8a38815e5eb3bb8211117d9a90b0f8e21722c0758cc39", "209615b0fe4624d79e50220ce3310ca1a9445fd8e6d3572a896e7f9146bbf019", "27bf62cb2b1a2068d443ff7097ee33393f8483b570b475db8ebf7e1cba64f088", "27ea6fd1c02dcc78172a82fc37fcc0992a94e4cecf53cb6d73f11749825bd98b", "2c1b21b44ac9beb0fc848d3993924147ba45c4ebc24be19825e57aabbe74a99e", "2df72ab12046a3496a92476020a1a0abf78b2a7db9ff4dc2036b8dd980203ae6", "320ffd3de9699d3892048baee45ebfbbf9388a7d65d832d7e580243ade426d2b", "50e3b9a464d5d08cc5227413db0d1c4707b6172e4d4d915c1c70e4de0bbff1f5", "5276db7ff62bb7b52f77f1f51ed58850e315154249aceb42e7f4c611f0f847ff", "61a6cf00dcb1a7f0c773ed4acc509cb636af2d6337a08f362413c76b2b47a8dd", "6ae6c4cb59f199d8827c5a07546b2ab7e85d262acaccaacd49b62f53f7c456f7", "7661d401d60d8bf15bb5da39e4dd72f5d764c5aff5a86ef52a042506e3e970ff", "7bd527f36a605c914efca5d3d014170b2cb184723e423d26b1fb2fd9108e264d", "7cb54db3535c8686ea12e9535eb087d32421184eacc6939ef15ef50f83a5e7e2", "7f3a2d740291f7f2c111d86a1c4851b70fb000a6c8883a59660d95ad57b9df35", "81304b7d8e9c824d058087dcb89144842c8e0dea6d281c031f59f0acf66963d4", "933947e8b4fbe617a51528b09851685138b49d511af0b6c0da2539115d6d4514", "94223d7f060301b3a8c09c9b3bc3294b56b2188e7d8179c762a1cda72c979252", "ab3ca49afcb47058393b0122428358d2fbe0408cf99f1b58b295cfeb4ed39109", "bd6292f565ca46dee4e737ebcc20742e3b5be2b01556dafe169f6c65d088875f", "cb924aa3e4a3fb644d0c463cad5bc2572649a6a3f68a7f8e4fbe44aaa6d77e4c", "d0fc7a286feac9077ec52a927fc9fe8fe2fabab95426722be4c953c9a8bede92", "ddc34786490a6e4ec0a855d401034cbd1242ef186c20d79d2166d6a4bd449577", "e34b155e36fa9da7e1b7c738ed7767fc9491a62ec6af70fe9da4a057759edc2d", "e5b9e8f6bda48460b7b143c3821b21b452cb3a835e6bbd5dd33aa0c8d3f5137d", "e81ebf6c5ee9684be8f2c87563880f93eedd56dd2b6146d8a725b50b7e5adb0f", "eb91be369f945f10d3a49f5f9be8b3d0b93a4c2be8f8a5b83b0571b8123e0a7a", "f460d1ceb0e4a5dcb2a652db0904224f367c9b3c1470d5a7683c0480e582468b"]
lxml = ["0358b9e9642bc7d39aac5cffe9884a99a5ca68e5e2c1b89e570ed60da9139908", "091a359c4dafebbecd3959d9013f1b896b5371859165e4e50b01607a98d9e3e2", "1998e4e60603c64bcc35af61b4331ab3af087457900d3980e18d190e17c3a697", "2000b4088dee9a41f459fddaf6609bba48a435ce6374bb254c5ccdaa8928c5ba", "2afb0064780d8aaf165875be5898c1866766e56175714fa5f9d055433e92d41d", "2d8f1d9334a4e3ff176d096c14ded3100547d73440683567d85b8842a53180bb", "2e38db22f6a3199fd63675e1b4bd795d676d906869047398f29f38ca55cb453a", "3181f84649c1a1ca62b19ddf28436b1b2cb05ae6c7d2628f33872e713994c364", "37462170dfd88af8431d04de6b236e6e9c06cda71e2ca26d88ef2332fd2a5237", "3a9d8521c89bf6f2a929c3d12ad3ad7392c774c327ea809fd08a13be6b3bc05f", "3d0bbd2e1a28b4429f24fd63a122a450ce9edb7a8063d070790092d7343a1aa4", "483d60585ce3ee71929cea70949059f83850fa5e12deb9c094ed1c8c2ec73cbd", "4888be27d5cba55ce94209baef5bcd7bbd7314a3d17021a5fc10000b3a5f737d", "64b0d62e4209170a2a0c404c446ab83b941a0003e96604d2e4f4cb735f8a2254", "68010900898fdf139ac08549c4dba8206c584070a960ffc530aebf0c6f2794ef", "872ecb066de602a0099db98bd9e57f4cfc1d62f6093d94460c787737aa08f39e", "88a32b03f2e4cd0e63f154cac76724709f40b3fc2f30139eb5d6f900521b44ed", "b1dc7683da4e67ab2bebf266afa68098d681ae02ce570f0d1117312273d2b2ac", "b29e27ce9371810250cb1528a771d047a9c7b0f79630dc7dc5815ff828f4273b", "ce197559596370d985f1ce6b7051b52126849d8159040293bf8b98cb2b3e1f78", "d45cf6daaf22584eff2175f48f82c4aa24d8e72a44913c5aff801819bb73d11f", "e2ff9496322b2ce947ba4a7a5eb048158de9d6f3fe9efce29f1e8dd6878561e6", "f7b979518ec1f294a41a707c007d54d0f3b3e1fd15d5b26b7e99b62b10d9a72e", "f9c7268e9d16e34e50f8246c4f24cf7353764affd2bc971f0379514c246e3f6b", "f9c839806089d79de588ee1dde2dae05dc1156d3355dfeb2b51fde84d9c960ad", "ff962953e2389226adc4d355e34a98b0b800984399153c6678f2367b11b4d4b8"]
markupsafe = ["00bc623926325b26bb9605ae9eae8a215691f33cae5df11ca5424f06f2d1f473", "09027a7803a62ca78792ad89403b1b7a73a01c8cb65909cd876f7fcebd79b161", "09c4b7f37d6c648cb13f9230d847adf22f8171b1ccc4d5682398e77f40309235", "1027c282dad077d0bae18be6794e6b6b8c91d58ed8a8d89a89d59693b9131db5", "24982cc2533820871eba85ba648cd53d8623687ff11cbb805be4ff7b4c971aff", "29872e92839765e546828bb7754a68c418d927cd064fd4708fab9fe9c8bb116b", "43a55c2930bbc139570ac2452adf3d70cdbb3cfe5912c71cdce1c2c6bbd9c5d1", "46c99d2de99945ec5cb54f23c8cd5689f6d7177305ebff350a58ce5f8de1669e", "500d4957e52ddc3351cabf489e79c91c17f6e0899158447047588650b5e69183", "535f6fc4d397c1563d08b88e485c3496cf5784e927af890fb3c3aac7f933ec66", "62fe6c95e3ec8a7fad637b7f3d372c15ec1caa01ab47926cfdf7a75b40e0eac1", "6dd73240d2af64df90aa7c4e7481e23825ea70af4b4922f8ede5b9e35f78a3b1", "717ba8fe3ae9cc0006d7c451f0bb265ee07739daf76355d06366154ee68d221e", "79855e1c5b8da654cf486b830bd42c06e8780cea587384cf6545b7d9ac013a0b", "7c1699dfe0cf8ff607dbdcc1e9b9af1755371f92a68f706051cc8c37d447c905", "88e5fcfb52ee7b911e8bb6d6aa2fd21fbecc674eadd44118a9cc3863f938e735", "8defac2f2ccd6805ebf65f5eeb132adcf2ab57aa11fdf4c0dd5169a004710e7d", "98c7086708b163d425c67c7a91bad6e466bb99d797aa64f965e9d25c12111a5e", "9add70b36c5666a2ed02b43b335fe19002ee5235efd4b8a89bfcf9005bebac0d", "9bf40443012702a1d2070043cb6291650a0841ece432556f784f004937f0f32c", "ade5e387d2ad0d7ebf59146cc00c8044acbd863725f887353a10df825fc8ae21", "b00c1de48212e4cc9603895652c5c410df699856a2853135b3967591e4beebc2", "b1282f8c00509d99fef04d8ba936b156d419be841854fe901d8ae224c59f0be5", "b2051432115498d3562c084a49bba65d97cf251f5a331c64a12ee7e04dacc51b", "ba59edeaa2fc6114428f1637ffff42da1e311e29382d81b339c1817d37ec93c6", "c8716a48d94b06bb3b2524c2b77e055fb313aeb4ea620c8dd03a105574ba704f", "cd5df75523866410809ca100dc9681e301e3c27567cf498077e8551b6d20e42f", "e249096428b3ae81b08327a63a485ad0878de3fb939049038579ac0ef61e17e7"]
mccabe = ["ab8a6258860da4b6677da4bd2fe5dc2c659cff31b3ee4f7f5d64e79735b80d42", "dd8d182285a0fe56bace7f45b5e7d1a6ebcbf524e8f3bd87eb0f125271b8831f"]
more-itertools = ["0125e8f60e9e031347105eb1682cef932f5e97d7b9a1a28d9bf00c22a5daef40", "590044e3942351a1bdb1de960b739ff4ce277960f2425ad4509446dbace8d9d1"]
pillow = ["01a501be4ae05fd714d269cb9c9f145518e58e73faa3f140ddb67fae0c2607b1", "051de330a06c99d6f84bcf582960487835bcae3fc99365185dc2d4f65a390c0e", "07c35919f983c2c593498edcc126ad3a94154184899297cc9d27a6587672cbaa", "0ae5289948c5e0a16574750021bd8be921c27d4e3527800dc9c2c1d2abc81bf7", "0b1efce03619cdbf8bcc61cfae81fcda59249a469f31c6735ea59badd4a6f58a", "0cf0208500df8d0c3cad6383cd98a2d038b0678fd4f777a8f7e442c5faeee81d", "163136e09bd1d6c6c6026b0a662976e86c58b932b964f255ff384ecc8c3cefa3", "18e912a6ccddf28defa196bd2021fe33600cbe5da1aa2f2e2c6df15f720b73d1", "24ec3dea52339a610d34401d2d53d0fb3c7fd08e34b20c95d2ad3973193591f1", "267f8e4c0a1d7e36e97c6a604f5b03ef58e2b81c1becb4fccecddcb37e063cc7", "3273a28734175feebbe4d0a4cde04d4ed20f620b9b506d26f44379d3c72304e1", "39fbd5d62167197318a0371b2a9c699ce261b6800bb493eadde2ba30d868fe8c", "4132c78200372045bb348fcad8d52518c8f5cfc077b1089949381ee4a61f1c6d", "4baab2d2da57b0d9d544a2ce0f461374dd90ccbcf723fe46689aff906d43a964", "4c678e23006798fc8b6f4cef2eaad267d53ff4c1779bd1af8725cc11b72a63f3", "4d4bc2e6bb6861103ea4655d6b6f67af8e5336e7216e20fff3e18ffa95d7a055", "505738076350a337c1740a31646e1de09a164c62c07db3b996abdc0f9d2e50cf", "5233664eadfa342c639b9b9977190d64ad7aca4edc51a966394d7e08e7f38a9f", "52e2e56fc3706d8791761a157115dc8391319720ad60cc32992350fda74b6be2", "5337ac3280312aa065ed0a8ec1e4b6142e9f15c31baed36b5cd964745853243f", "5ccd97e0f01f42b7e35907272f0f8ad2c3660a482d799a0c564c7d50e83604d4", "5d95cb9f6cced2628f3e4de7e795e98b2659dfcc7176ab4a01a8b48c2c2f488f", "634209852cc06c0c1243cc74f8fdc8f7444d866221de51125f7b696d775ec5ca", "75d1f20bd8072eff92c5f457c266a61619a02d03ece56544195c56d41a1a0522", "7eda4c737637af74bac4b23aa82ea6fbb19002552be85f0b89bc27e3a762d239", "801ddaa69659b36abf4694fed5aa9f61d1ecf2daaa6c92541bbbbb775d97b9fe", "825aa6d222ce2c2b90d34a0ea31914e141a85edefc07e17342f1d2fdf121c07c", "87fe838f9dac0597f05f2605c0700b1926f9390c95df6af45d83141e0c514bd9", "9c215442ff8249d41ff58700e91ef61d74f47dfd431a50253e1a1ca9436b0697", "a3d90022f2202bbb14da991f26ca7a30b7e4c62bf0f8bf9825603b22d7e87494", "a631fd36a9823638fe700d9225f9698fb59d049c942d322d4c09544dc2115356", "a6523a23a205be0fe664b6b8747a5c86d55da960d9586db039eec9f5c269c0e6", "a756ecf9f4b9b3ed49a680a649af45a8767ad038de39e6c030919c2f443eb000", "ac036b6a6bac7010c58e643d78c234c2f7dc8bb7e591bd8bc3555cf4b1527c28", "b117287a5bdc81f1bac891187275ec7e829e961b8032c9e5ff38b70fd036c78f", "ba04f57d1715ca5ff74bb7f8a818bf929a204b3b3c2c2826d1e1cc3b1c13398c", "ba6ef2bd62671c7fb9cdb3277414e87a5cd38b86721039ada1464f7452ad30b2", "c8939dba1a37960a502b1a030a4465c46dd2c2bca7adf05fa3af6bea594e720e", "cd878195166723f30865e05d87cbaf9421614501a4bd48792c5ed28f90fd36ca", "cee815cc62d136e96cf76771b9d3eb58e0777ec18ea50de5cfcede8a7c429aa8", "d1722b7aa4b40cf93ac3c80d3edd48bf93b9208241d166a14ad8e7a20ee1d4f3", "d7c1c06246b05529f9984435fc4fa5a545ea26606e7f450bdbe00c153f5aeaad", "db418635ea20528f247203bf131b40636f77c8209a045b89fa3badb89e1fcea0", "e1555d4fda1db8005de72acf2ded1af660febad09b4708430091159e8ae1963e", "e9c8066249c040efdda84793a2a669076f92a301ceabe69202446abb4c5c5ef9", "e9f13711780c981d6eadd6042af40e172548c54b06266a1aabda7de192db0838", "f0e3288b92ca5dbb1649bd00e80ef652a72b657dc94989fa9c348253d179054b", "f227d7e574d050ff3996049e086e1f18c7bd2d067ef24131e50a1d3fe5831fbc", "f62b1aeb5c2ced8babd4fbba9c74cbef9de309f5ed106184b12d9778a3971f15", "f71ff657e63a9b24cac254bb8c9bd3c89c7a1b5e00ee4b3997ca1c18100dac28", "fc9a12aad714af36cf3ad0275a96a733526571e52710319855628f476dcb144e"]
pluggy = ["19ecf9ce9db2fce065a7a0586e07cfb4ac8614fe96edf628a264b1c70116cf8f", "84d306a647cc805219916e62aab89caa97a33a1dd8c342e87a37f91073cd4746"]
py = ["64f65755aee5b381cea27766a3a147c3f15b9b6b9ac88676de66ba2ae36793fa", "dc639b046a6e2cff5bbe40194ad65936d6ba360b52b3c3fe1d08a82dd50b5e53"]
pylint = ["5d77031694a5fb97ea95e828c8d10fc770a1df6eb3906067aaed42201a8a6a09", "723e3db49555abaf9bf79dc474c6b9e2935ad82230b10c1138a71ea41ac0fff1"]
pytest = ["592eaa2c33fae68c7d75aacf042efc9f77b27c08a6224a4f59beab8d9a420523", "ad3ad5c450284819ecde191a654c09b0ec72257a2c711b9633d677c71c9850c4"]
redis = ["6946b5dca72e86103edc8033019cc3814c031232d339d5f4533b02ea85685175", "8ca418d2ddca1b1a850afa1680a7d2fd1f3322739271de4b704e0d4668449273"]
requests = ["502a824f31acdacb3a35b6690b5fbf0bc41d63a24a45c4004352b0242707598e", "7bf2a778576d825600030a110f3c0e3e8edc51dfaafe1c146e39a2027784957b"]
six = ["3350809f0555b11f552448330d0b52d5f24c91a322ea4a15ef22629740f3761c", "d16a0141ec1a18405cd4ce8b4613101da75da0e9a7aec5bdd4fa804d0e0eba73"]
typed-ast = ["035a54ede6ce1380599b2ce57844c6554666522e376bd111eb940fbc7c3dad23", "037c35f2741ce3a9ac0d55abfcd119133cbd821fffa4461397718287092d9d15", "049feae7e9f180b64efacbdc36b3af64a00393a47be22fa9cb6794e68d4e73d3", "19228f7940beafc1ba21a6e8e070e0b0bfd1457902a3a81709762b8b9039b88d", "2ea681e91e3550a30c2265d2916f40a5f5d89b59469a20f3bad7d07adee0f7a6", "3a6b0a78af298d82323660df5497bcea0f0a4a25a0b003afd0ce5af049bd1f60", "5385da8f3b801014504df0852bf83524599df890387a3c2b17b7caa3d78b1773", "606d8afa07eef77280c2bf84335e24390055b478392e1975f96286d99d0cb424", "69245b5b23bbf7fb242c9f8f08493e9ecd7711f063259aefffaeb90595d62287", "6f6d839ab09830d59b7fa8fb6917023d8cb5498ee1f1dbd82d37db78eb76bc99", "730888475f5ac0e37c1de4bd05eeb799fdb742697867f524dc8a4cd74bcecc23", "9819b5162ffc121b9e334923c685b0d0826154e41dfe70b2ede2ce29034c71d8", "9e60ef9426efab601dd9aa120e4ff560f4461cf8442e9c0a2b92548d52800699", "af5fbdde0690c7da68e841d7fc2632345d570768ea7406a9434446d7b33b0ee1", "b64efdbdf3bbb1377562c179f167f3bf301251411eb5ac77dec6b7d32bcda463", "bac5f444c118aeb456fac1b0b5d14c6a71ea2a42069b09c176f75e9bd4c186f6", "bda9068aafb73859491e13b99b682bd299c1b5fd50644d697533775828a28ee0", "d659517ca116e6750101a1326107d3479028c5191f0ecee3c7203c50f5b915b0", "eddd3fb1f3e0f82e5915a899285a39ee34ce18fd25d89582bc89fc9fb16cd2c6"]
urllib3 = ["61bf29cada3fc2fbefad4fdf059ea4bd1b4a86d2b6d15e1c7c0b582b9752fe39", "de9529817c93f27c8ccbfead6985011db27bd0ddfcdb2d86f3f663385c6a9c22"]
werkzeug = ["96da23fa8ccecbc3ae832a83df5c722c11547d021637faacb0bec4dd2f4666c8", "ca5c2dcd367d6c0df87185b9082929d255358f5391923269335782b213d52655"]
wrapt = ["4aea003270831cceb8a90ff27c4031da6ead7ec1886023b80ce0dfe0adf61533"]
